{
  "lockfile_version": "1",
  "packages": {
    "elixir_1_16@latest": {
      "last_modified": "2024-02-08T11:55:47Z",
      "resolved": "github:NixOS/nixpkgs/c0b7a892fb042ede583bdaecbbdc804acb85eabe#elixir_1_16",
      "source": "devbox-search",
      "version": "1.16.1",
      "systems": {
        "aarch64-darwin": {
          "store_path": "/nix/store/fabwrmi8210c86b4wchnrrpkgh46yzpz-elixir-1.16.1"
        },
        "aarch64-linux": {
          "store_path": "/nix/store/l2zach206k5b3rr1lcngjivknh8fcb0v-elixir-1.16.1"
        },
        "x86_64-darwin": {
          "store_path": "/nix/store/g0jk5i546wxy7f3dqn59n5xqcv8zxkgr-elixir-1.16.1"
        },
        "x86_64-linux": {
          "store_path": "/nix/store/wkd94x2vq819ihj727anpy2pnv2z85i6-elixir-1.16.1"
        }
      }
    },
    "google-chrome@latest": {
      "last_modified": "2024-02-08T11:55:47Z",
      "resolved": "github:NixOS/nixpkgs/c0b7a892fb042ede583bdaecbbdc804acb85eabe#google-chrome",
      "source": "devbox-search",
      "version": "121.0.6167.160"
    },
    "nodejs@18.19.0": {
      "last_modified": "2024-01-27T14:55:31Z",
      "resolved": "github:NixOS/nixpkgs/160b762eda6d139ac10ae081f8f78d640dd523eb#nodejs_18",
      "source": "devbox-search",
      "version": "18.19.0",
      "systems": {
        "aarch64-darwin": {
          "store_path": "/nix/store/cxxmdlp13rrbcja3cx3lnn9h2vy2avgx-nodejs-18.19.0"
        },
        "aarch64-linux": {
          "store_path": "/nix/store/qlpzl41kfq83cdd4qkcpw8dy2zsd6acr-nodejs-18.19.0"
        },
        "x86_64-darwin": {
          "store_path": "/nix/store/arx8by5hks81q82m161lmrbf9mdb09fw-nodejs-18.19.0"
        },
        "x86_64-linux": {
          "store_path": "/nix/store/4f8npbb3cqngfmvla3wl2dsaj7hsh7ks-nodejs-18.19.0"
        }
      }
    }
  }
}
